
Microsoft Visual Studio Solution File, Format Version 12.00
# Visual Studio 15
VisualStudioVersion = 15.0.26730.12
MinimumVisualStudioVersion = 10.0.40219.1
Project("{FAE04EC0-301F-11D3-BF4B-00C04F79EFBC}") = "XF.Mapas.Android", "XF.Mapas\XF.Mapas.Android\XF.Mapas.Android.csproj", "{A2B5E1B7-8FA0-4A23-BB75-929EDDB77368}"
EndProject
Project("{FAE04EC0-301F-11D3-BF4B-00C04F79EFBC}") = "XF.Mapas", "XF.Mapas\XF.Mapas\XF.Mapas.csproj", "{34B4D862-E372-4697-A123-BC7A14A1831F}"
EndProject
Project("{FAE04EC0-301F-11D3-BF4B-00C04F79EFBC}") = "XF.Mapas.UWP", "XF.Mapas\XF.Mapas.UWP\XF.Mapas.UWP.csproj", "{D5F30C2A-6FB2-4E50-9D89-D0B49FA7E5DD}"
EndProject
Project("{FAE04EC0-301F-11D3-BF4B-00C04F79EFBC}") = "XF.Mapas.iOS", "XF.Mapas\XF.Mapas.iOS\XF.Mapas.iOS.csproj", "{8DD584BE-1E15-440C-9381-A3B8B85A254C}"
EndProject
Global
	GlobalSection(SolutionConfigurationPlatforms) = preSolution
		Ad-Hoc|Any CPU = Ad-Hoc|Any CPU
		Ad-Hoc|ARM = Ad-Hoc|ARM
		Ad-Hoc|iPhone = Ad-Hoc|iPhone
		Ad-Hoc|iPhoneSimulator = Ad-Hoc|iPhoneSimulator
		Ad-Hoc|x64 = Ad-Hoc|x64
		Ad-Hoc|x86 = Ad-Hoc|x86
		AppStore|Any CPU = AppStore|Any CPU
		AppStore|ARM = AppStore|ARM
		AppStore|iPhone = AppStore|iPhone
		AppStore|iPhoneSimulator = AppStore|iPhoneSimulator
		AppStore|x64 = AppStore|x64
		AppStore|x86 = AppStore|x86
		Debug|Any CPU = Debug|Any CPU
		Debug|ARM = Debug|ARM
		Debug|iPhone = Debug|iPhone
		Debug|iPhoneSimulator = Debug|iPhoneSimulator
		Debug|x64 = Debug|x64
		Debug|x86 = Debug|x86
		Release|Any CPU = Release|Any CPU
		Release|ARM = Release|ARM
		Release|iPhone = Release|iPhone
		Release|iPhoneSimulator = Release|iPhoneSimulator
		Release|x64 = Release|x64
		Release|x86 = Release|x86
	EndGlobalSection
	GlobalSection(ProjectConfigurationPlatforms) = postSolution
		{A2B5E1B7-8FA0-4A23-BB75-929EDDB77368}.Ad-Hoc|Any CPU.ActiveCfg = Release|Any CPU
		{A2B5E1B7-8FA0-4A23-BB75-929EDDB77368}.Ad-Hoc|Any CPU.Build.0 = Release|Any CPU
		{A2B5E1B7-8FA0-4A23-BB75-929EDDB77368}.Ad-Hoc|Any CPU.Deploy.0 = Release|Any CPU
		{A2B5E1B7-8FA0-4A23-BB75-929EDDB77368}.Ad-Hoc|ARM.ActiveCfg = Release|Any CPU
		{A2B5E1B7-8FA0-4A23-BB75-929EDDB77368}.Ad-Hoc|ARM.Build.0 = Release|Any CPU
		{A2B5E1B7-8FA0-4A23-BB75-929EDDB77368}.Ad-Hoc|ARM.Deploy.0 = Release|Any CPU
		{A2B5E1B7-8FA0-4A23-BB75-929EDDB77368}.Ad-Hoc|iPhone.ActiveCfg = Release|Any CPU
		{A2B5E1B7-8FA0-4A23-BB75-929EDDB77368}.Ad-Hoc|iPhone.Build.0 = Release|Any CPU
		{A2B5E1B7-8FA0-4A23-BB75-929EDDB77368}.Ad-Hoc|iPhone.Deploy.0 = Release|Any CPU
		{A2B5E1B7-8FA0-4A23-BB75-929EDDB77368}.Ad-Hoc|iPhoneSimulator.ActiveCfg = Release|Any CPU
		{A2B5E1B7-8FA0-4A23-BB75-929EDDB77368}.Ad-Hoc|iPhoneSimulator.Build.0 = Release|Any CPU
		{A2B5E1B7-8FA0-4A23-BB75-929EDDB77368}.Ad-Hoc|iPhoneSimulator.Deploy.0 = Release|Any CPU
		{A2B5E1B7-8FA0-4A23-BB75-929EDDB77368}.Ad-Hoc|x64.ActiveCfg = Release|Any CPU
		{A2B5E1B7-8FA0-4A23-BB75-929EDDB77368}.Ad-Hoc|x64.Build.0 = Release|Any CPU
		{A2B5E1B7-8FA0-4A23-BB75-929EDDB77368}.Ad-Hoc|x64.Deploy.0 = Release|Any CPU
		{A2B5E1B7-8FA0-4A23-BB75-929EDDB77368}.Ad-Hoc|x86.ActiveCfg = Release|Any CPU
		{A2B5E1B7-8FA0-4A23-BB75-929EDDB77368}.Ad-Hoc|x86.Build.0 = Release|Any CPU
		{A2B5E1B7-8FA0-4A23-BB75-929EDDB77368}.Ad-Hoc|x86.Deploy.0 = Release|Any CPU
		{A2B5E1B7-8FA0-4A23-BB75-929EDDB77368}.AppStore|Any CPU.ActiveCfg = Release|Any CPU
		{A2B5E1B7-8FA0-4A23-BB75-929EDDB77368}.AppStore|Any CPU.Build.0 = Release|Any CPU
		{A2B5E1B7-8FA0-4A23-BB75-929EDDB77368}.AppStore|Any CPU.Deploy.0 = Release|Any CPU
		{A2B5E1B7-8FA0-4A23-BB75-929EDDB77368}.AppStore|ARM.ActiveCfg = Release|Any CPU
		{A2B5E1B7-8FA0-4A23-BB75-929EDDB77368}.AppStore|ARM.Build.0 = Release|Any CPU
		{A2B5E1B7-8FA0-4A23-BB75-929EDDB77368}.AppStore|ARM.Deploy.0 = Release|Any CPU
		{A2B5E1B7-8FA0-4A23-BB75-929EDDB77368}.AppStore|iPhone.ActiveCfg = Release|Any CPU
		{A2B5E1B7-8FA0-4A23-BB75-929EDDB77368}.AppStore|iPhone.Build.0 = Release|Any CPU
		{A2B5E1B7-8FA0-4A23-BB75-929EDDB77368}.AppStore|iPhone.Deploy.0 = Release|Any CPU
		{A2B5E1B7-8FA0-4A23-BB75-929EDDB77368}.AppStore|iPhoneSimulator.ActiveCfg = Release|Any CPU
		{A2B5E1B7-8FA0-4A23-BB75-929EDDB77368}.AppStore|iPhoneSimulator.Build.0 = Release|Any CPU
		{A2B5E1B7-8FA0-4A23-BB75-929EDDB77368}.AppStore|iPhoneSimulator.Deploy.0 = Release|Any CPU
		{A2B5E1B7-8FA0-4A23-BB75-929EDDB77368}.AppStore|x64.ActiveCfg = Release|Any CPU
		{A2B5E1B7-8FA0-4A23-BB75-929EDDB77368}.AppStore|x64.Build.0 = Release|Any CPU
		{A2B5E1B7-8FA0-4A23-BB75-929EDDB77368}.AppStore|x64.Deploy.0 = Release|Any CPU
		{A2B5E1B7-8FA0-4A23-BB75-929EDDB77368}.AppStore|x86.ActiveCfg = Release|Any CPU
		{A2B5E1B7-8FA0-4A23-BB75-929EDDB77368}.AppStore|x86.Build.0 = Release|Any CPU
		{A2B5E1B7-8FA0-4A23-BB75-929EDDB77368}.AppStore|x86.Deploy.0 = Release|Any CPU
		{A2B5E1B7-8FA0-4A23-BB75-929EDDB77368}.Debug|Any CPU.ActiveCfg = Debug|Any CPU
		{A2B5E1B7-8FA0-4A23-BB75-929EDDB77368}.Debug|Any CPU.Build.0 = Debug|Any CPU
		{A2B5E1B7-8FA0-4A23-BB75-929EDDB77368}.Debug|Any CPU.Deploy.0 = Debug|Any CPU
		{A2B5E1B7-8FA0-4A23-BB75-929EDDB77368}.Debug|ARM.ActiveCfg = Debug|Any CPU
		{A2B5E1B7-8FA0-4A23-BB75-929EDDB77368}.Debug|ARM.Build.0 = Debug|Any CPU
		{A2B5E1B7-8FA0-4A23-BB75-929EDDB77368}.Debug|ARM.Deploy.0 = Debug|Any CPU
		{A2B5E1B7-8FA0-4A23-BB75-929EDDB77368}.Debug|iPhone.ActiveCfg = Debug|Any CPU
		{A2B5E1B7-8FA0-4A23-BB75-929EDDB77368}.Debug|iPhone.Build.0 = Debug|Any CPU
		{A2B5E1B7-8FA0-4A23-BB75-929EDDB77368}.Debug|iPhone.Deploy.0 = Debug|Any CPU
		{A2B5E1B7-8FA0-4A23-BB75-929EDDB77368}.Debug|iPhoneSimulator.ActiveCfg = Debug|Any CPU
		{A2B5E1B7-8FA0-4A23-BB75-929EDDB77368}.Debug|iPhoneSimulator.Build.0 = Debug|Any CPU
		{A2B5E1B7-8FA0-4A23-BB75-929EDDB77368}.Debug|iPhoneSimulator.Deploy.0 = Debug|Any CPU
		{A2B5E1B7-8FA0-4A23-BB75-929EDDB77368}.Debug|x64.ActiveCfg = Debug|Any CPU
		{A2B5E1B7-8FA0-4A23-BB75-929EDDB77368}.Debug|x64.Build.0 = Debug|Any CPU
		{A2B5E1B7-8FA0-4A23-BB75-929EDDB77368}.Debug|x64.Deploy.0 = Debug|Any CPU
		{A2B5E1B7-8FA0-4A23-BB75-929EDDB77368}.Debug|x86.ActiveCfg = Debug|Any CPU
		{A2B5E1B7-8FA0-4A23-BB75-929EDDB77368}.Debug|x86.Build.0 = Debug|Any CPU
		{A2B5E1B7-8FA0-4A23-BB75-929EDDB77368}.Debug|x86.Deploy.0 = Debug|Any CPU
		{A2B5E1B7-8FA0-4A23-BB75-929EDDB77368}.Release|Any CPU.ActiveCfg = Release|Any CPU
		{A2B5E1B7-8FA0-4A23-BB75-929EDDB77368}.Release|Any CPU.Build.0 = Release|Any CPU
		{A2B5E1B7-8FA0-4A23-BB75-929EDDB77368}.Release|Any CPU.Deploy.0 = Release|Any CPU
		{A2B5E1B7-8FA0-4A23-BB75-929EDDB77368}.Release|ARM.ActiveCfg = Release|Any CPU
		{A2B5E1B7-8FA0-4A23-BB75-929EDDB77368}.Release|ARM.Build.0 = Release|Any CPU
		{A2B5E1B7-8FA0-4A23-BB75-929EDDB77368}.Release|ARM.Deploy.0 = Release|Any CPU
		{A2B5E1B7-8FA0-4A23-BB75-929EDDB77368}.Release|iPhone.ActiveCfg = Release|Any CPU
		{A2B5E1B7-8FA0-4A23-BB75-929EDDB77368}.Release|iPhone.Build.0 = Release|Any CPU
		{A2B5E1B7-8FA0-4A23-BB75-929EDDB77368}.Release|iPhone.Deploy.0 = Release|Any CPU
		{A2B5E1B7-8FA0-4A23-BB75-929EDDB77368}.Release|iPhoneSimulator.ActiveCfg = Release|Any CPU
		{A2B5E1B7-8FA0-4A23-BB75-929EDDB77368}.Release|iPhoneSimulator.Build.0 = Release|Any CPU
		{A2B5E1B7-8FA0-4A23-BB75-929EDDB77368}.Release|iPhoneSimulator.Deploy.0 = Release|Any CPU
		{A2B5E1B7-8FA0-4A23-BB75-929EDDB77368}.Release|x64.ActiveCfg = Release|Any CPU
		{A2B5E1B7-8FA0-4A23-BB75-929EDDB77368}.Release|x64.Build.0 = Release|Any CPU
		{A2B5E1B7-8FA0-4A23-BB75-929EDDB77368}.Release|x64.Deploy.0 = Release|Any CPU
		{A2B5E1B7-8FA0-4A23-BB75-929EDDB77368}.Release|x86.ActiveCfg = Release|Any CPU
		{A2B5E1B7-8FA0-4A23-BB75-929EDDB77368}.Release|x86.Build.0 = Release|Any CPU
		{A2B5E1B7-8FA0-4A23-BB75-929EDDB77368}.Release|x86.Deploy.0 = Release|Any CPU
		{34B4D862-E372-4697-A123-BC7A14A1831F}.Ad-Hoc|Any CPU.ActiveCfg = Release|Any CPU
		{34B4D862-E372-4697-A123-BC7A14A1831F}.Ad-Hoc|Any CPU.Build.0 = Release|Any CPU
		{34B4D862-E372-4697-A123-BC7A14A1831F}.Ad-Hoc|ARM.ActiveCfg = Release|Any CPU
		{34B4D862-E372-4697-A123-BC7A14A1831F}.Ad-Hoc|ARM.Build.0 = Release|Any CPU
		{34B4D862-E372-4697-A123-BC7A14A1831F}.Ad-Hoc|iPhone.ActiveCfg = Release|Any CPU
		{34B4D862-E372-4697-A123-BC7A14A1831F}.Ad-Hoc|iPhone.Build.0 = Release|Any CPU
		{34B4D862-E372-4697-A123-BC7A14A1831F}.Ad-Hoc|iPhoneSimulator.ActiveCfg = Release|Any CPU
		{34B4D862-E372-4697-A123-BC7A14A1831F}.Ad-Hoc|iPhoneSimulator.Build.0 = Release|Any CPU
		{34B4D862-E372-4697-A123-BC7A14A1831F}.Ad-Hoc|x64.ActiveCfg = Release|Any CPU
		{34B4D862-E372-4697-A123-BC7A14A1831F}.Ad-Hoc|x64.Build.0 = Release|Any CPU
		{34B4D862-E372-4697-A123-BC7A14A1831F}.Ad-Hoc|x86.ActiveCfg = Release|Any CPU
		{34B4D862-E372-4697-A123-BC7A14A1831F}.Ad-Hoc|x86.Build.0 = Release|Any CPU
		{34B4D862-E372-4697-A123-BC7A14A1831F}.AppStore|Any CPU.ActiveCfg = Release|Any CPU
		{34B4D862-E372-4697-A123-BC7A14A1831F}.AppStore|Any CPU.Build.0 = Release|Any CPU
		{34B4D862-E372-4697-A123-BC7A14A1831F}.AppStore|ARM.ActiveCfg = Release|Any CPU
		{34B4D862-E372-4697-A123-BC7A14A1831F}.AppStore|ARM.Build.0 = Release|Any CPU
		{34B4D862-E372-4697-A123-BC7A14A1831F}.AppStore|iPhone.ActiveCfg = Release|Any CPU
		{34B4D862-E372-4697-A123-BC7A14A1831F}.AppStore|iPhone.Build.0 = Release|Any CPU
		{34B4D862-E372-4697-A123-BC7A14A1831F}.AppStore|iPhoneSimulator.ActiveCfg = Release|Any CPU
		{34B4D862-E372-4697-A123-BC7A14A1831F}.AppStore|iPhoneSimulator.Build.0 = Release|Any CPU
		{34B4D862-E372-4697-A123-BC7A14A1831F}.AppStore|x64.ActiveCfg = Release|Any CPU
		{34B4D862-E372-4697-A123-BC7A14A1831F}.AppStore|x64.Build.0 = Release|Any CPU
		{34B4D862-E372-4697-A123-BC7A14A1831F}.AppStore|x86.ActiveCfg = Release|Any CPU
		{34B4D862-E372-4697-A123-BC7A14A1831F}.AppStore|x86.Build.0 = Release|Any CPU
		{34B4D862-E372-4697-A123-BC7A14A1831F}.Debug|Any CPU.ActiveCfg = Debug|Any CPU
		{34B4D862-E372-4697-A123-BC7A14A1831F}.Debug|Any CPU.Build.0 = Debug|Any CPU
		{34B4D862-E372-4697-A123-BC7A14A1831F}.Debug|ARM.ActiveCfg = Debug|Any CPU
		{34B4D862-E372-4697-A123-BC7A14A1831F}.Debug|ARM.Build.0 = Debug|Any CPU
		{34B4D862-E372-4697-A123-BC7A14A1831F}.Debug|iPhone.ActiveCfg = Debug|Any CPU
		{34B4D862-E372-4697-A123-BC7A14A1831F}.Debug|iPhone.Build.0 = Debug|Any CPU
		{34B4D862-E372-4697-A123-BC7A14A1831F}.Debug|iPhoneSimulator.ActiveCfg = Debug|Any CPU
		{34B4D862-E372-4697-A123-BC7A14A1831F}.Debug|iPhoneSimulator.Build.0 = Debug|Any CPU
		{34B4D862-E372-4697-A123-BC7A14A1831F}.Debug|x64.ActiveCfg = Debug|Any CPU
		{34B4D862-E372-4697-A123-BC7A14A1831F}.Debug|x64.Build.0 = Debug|Any CPU
		{34B4D862-E372-4697-A123-BC7A14A1831F}.Debug|x86.ActiveCfg = Debug|Any CPU
		{34B4D862-E372-4697-A123-BC7A14A1831F}.Debug|x86.Build.0 = Debug|Any CPU
		{34B4D862-E372-4697-A123-BC7A14A1831F}.Release|Any CPU.ActiveCfg = Release|Any CPU
		{34B4D862-E372-4697-A123-BC7A14A1831F}.Release|Any CPU.Build.0 = Release|Any CPU
		{34B4D862-E372-4697-A123-BC7A14A1831F}.Release|ARM.ActiveCfg = Release|Any CPU
		{34B4D862-E372-4697-A123-BC7A14A1831F}.Release|ARM.Build.0 = Release|Any CPU
		{34B4D862-E372-4697-A123-BC7A14A1831F}.Release|iPhone.ActiveCfg = Release|Any CPU
		{34B4D862-E372-4697-A123-BC7A14A1831F}.Release|iPhone.Build.0 = Release|Any CPU
		{34B4D862-E372-4697-A123-BC7A14A1831F}.Release|iPhoneSimulator.ActiveCfg = Release|Any CPU
		{34B4D862-E372-4697-A123-BC7A14A1831F}.Release|iPhoneSimulator.Build.0 = Release|Any CPU
		{34B4D862-E372-4697-A123-BC7A14A1831F}.Release|x64.ActiveCfg = Release|Any CPU
		{34B4D862-E372-4697-A123-BC7A14A1831F}.Release|x64.Build.0 = Release|Any CPU
		{34B4D862-E372-4697-A123-BC7A14A1831F}.Release|x86.ActiveCfg = Release|Any CPU
		{34B4D862-E372-4697-A123-BC7A14A1831F}.Release|x86.Build.0 = Release|Any CPU
		{D5F30C2A-6FB2-4E50-9D89-D0B49FA7E5DD}.Ad-Hoc|Any CPU.ActiveCfg = Release|x86
		{D5F30C2A-6FB2-4E50-9D89-D0B49FA7E5DD}.Ad-Hoc|Any CPU.Build.0 = Release|x86
		{D5F30C2A-6FB2-4E50-9D89-D0B49FA7E5DD}.Ad-Hoc|Any CPU.Deploy.0 = Release|x86
		{D5F30C2A-6FB2-4E50-9D89-D0B49FA7E5DD}.Ad-Hoc|ARM.ActiveCfg = Release|ARM
		{D5F30C2A-6FB2-4E50-9D89-D0B49FA7E5DD}.Ad-Hoc|ARM.Build.0 = Release|ARM
		{D5F30C2A-6FB2-4E50-9D89-D0B49FA7E5DD}.Ad-Hoc|ARM.Deploy.0 = Release|ARM
		{D5F30C2A-6FB2-4E50-9D89-D0B49FA7E5DD}.Ad-Hoc|iPhone.ActiveCfg = Release|x86
		{D5F30C2A-6FB2-4E50-9D89-D0B49FA7E5DD}.Ad-Hoc|iPhone.Build.0 = Release|x86
		{D5F30C2A-6FB2-4E50-9D89-D0B49FA7E5DD}.Ad-Hoc|iPhone.Deploy.0 = Release|x86
		{D5F30C2A-6FB2-4E50-9D89-D0B49FA7E5DD}.Ad-Hoc|iPhoneSimulator.ActiveCfg = Release|x86
		{D5F30C2A-6FB2-4E50-9D89-D0B49FA7E5DD}.Ad-Hoc|iPhoneSimulator.Build.0 = Release|x86
		{D5F30C2A-6FB2-4E50-9D89-D0B49FA7E5DD}.Ad-Hoc|iPhoneSimulator.Deploy.0 = Release|x86
		{D5F30C2A-6FB2-4E50-9D89-D0B49FA7E5DD}.Ad-Hoc|x64.ActiveCfg = Release|x64
		{D5F30C2A-6FB2-4E50-9D89-D0B49FA7E5DD}.Ad-Hoc|x64.Build.0 = Release|x64
		{D5F30C2A-6FB2-4E50-9D89-D0B49FA7E5DD}.Ad-Hoc|x64.Deploy.0 = Release|x64
		{D5F30C2A-6FB2-4E50-9D89-D0B49FA7E5DD}.Ad-Hoc|x86.ActiveCfg = Release|x86
		{D5F30C2A-6FB2-4E50-9D89-D0B49FA7E5DD}.Ad-Hoc|x86.Build.0 = Release|x86
		{D5F30C2A-6FB2-4E50-9D89-D0B49FA7E5DD}.Ad-Hoc|x86.Deploy.0 = Release|x86
		{D5F30C2A-6FB2-4E50-9D89-D0B49FA7E5DD}.AppStore|Any CPU.ActiveCfg = Release|x86
		{D5F30C2A-6FB2-4E50-9D89-D0B49FA7E5DD}.AppStore|Any CPU.Build.0 = Release|x86
		{D5F30C2A-6FB2-4E50-9D89-D0B49FA7E5DD}.AppStore|Any CPU.Deploy.0 = Release|x86
		{D5F30C2A-6FB2-4E50-9D89-D0B49FA7E5DD}.AppStore|ARM.ActiveCfg = Release|ARM
		{D5F30C2A-6FB2-4E50-9D89-D0B49FA7E5DD}.AppStore|ARM.Build.0 = Release|ARM
		{D5F30C2A-6FB2-4E50-9D89-D0B49FA7E5DD}.AppStore|ARM.Deploy.0 = Release|ARM
		{D5F30C2A-6FB2-4E50-9D89-D0B49FA7E5DD}.AppStore|iPhone.ActiveCfg = Release|x86
		{D5F30C2A-6FB2-4E50-9D89-D0B49FA7E5DD}.AppStore|iPhone.Build.0 = Release|x86
		{D5F30C2A-6FB2-4E50-9D89-D0B49FA7E5DD}.AppStore|iPhone.Deploy.0 = Release|x86
		{D5F30C2A-6FB2-4E50-9D89-D0B49FA7E5DD}.AppStore|iPhoneSimulator.ActiveCfg = Release|x86
		{D5F30C2A-6FB2-4E50-9D89-D0B49FA7E5DD}.AppStore|iPhoneSimulator.Build.0 = Release|x86
		{D5F30C2A-6FB2-4E50-9D89-D0B49FA7E5DD}.AppStore|iPhoneSimulator.Deploy.0 = Release|x86
		{D5F30C2A-6FB2-4E50-9D89-D0B49FA7E5DD}.AppStore|x64.ActiveCfg = Release|x64
		{D5F30C2A-6FB2-4E50-9D89-D0B49FA7E5DD}.AppStore|x64.Build.0 = Release|x64
		{D5F30C2A-6FB2-4E50-9D89-D0B49FA7E5DD}.AppStore|x64.Deploy.0 = Release|x64
		{D5F30C2A-6FB2-4E50-9D89-D0B49FA7E5DD}.AppStore|x86.ActiveCfg = Release|x86
		{D5F30C2A-6FB2-4E50-9D89-D0B49FA7E5DD}.AppStore|x86.Build.0 = Release|x86
		{D5F30C2A-6FB2-4E50-9D89-D0B49FA7E5DD}.AppStore|x86.Deploy.0 = Release|x86
		{D5F30C2A-6FB2-4E50-9D89-D0B49FA7E5DD}.Debug|Any CPU.ActiveCfg = Debug|x86
		{D5F30C2A-6FB2-4E50-9D89-D0B49FA7E5DD}.Debug|ARM.ActiveCfg = Debug|ARM
		{D5F30C2A-6FB2-4E50-9D89-D0B49FA7E5DD}.Debug|ARM.Build.0 = Debug|ARM
		{D5F30C2A-6FB2-4E50-9D89-D0B49FA7E5DD}.Debug|ARM.Deploy.0 = Debug|ARM
		{D5F30C2A-6FB2-4E50-9D89-D0B49FA7E5DD}.Debug|iPhone.ActiveCfg = Debug|x86
		{D5F30C2A-6FB2-4E50-9D89-D0B49FA7E5DD}.Debug|iPhoneSimulator.ActiveCfg = Debug|x86
		{D5F30C2A-6FB2-4E50-9D89-D0B49FA7E5DD}.Debug|x64.ActiveCfg = Debug|x64
		{D5F30C2A-6FB2-4E50-9D89-D0B49FA7E5DD}.Debug|x64.Build.0 = Debug|x64
		{D5F30C2A-6FB2-4E50-9D89-D0B49FA7E5DD}.Debug|x64.Deploy.0 = Debug|x64
		{D5F30C2A-6FB2-4E50-9D89-D0B49FA7E5DD}.Debug|x86.ActiveCfg = Debug|x86
		{D5F30C2A-6FB2-4E50-9D89-D0B49FA7E5DD}.Debug|x86.Build.0 = Debug|x86
		{D5F30C2A-6FB2-4E50-9D89-D0B49FA7E5DD}.Debug|x86.Deploy.0 = Debug|x86
		{D5F30C2A-6FB2-4E50-9D89-D0B49FA7E5DD}.Release|Any CPU.ActiveCfg = Release|x86
		{D5F30C2A-6FB2-4E50-9D89-D0B49FA7E5DD}.Release|ARM.ActiveCfg = Release|ARM
		{D5F30C2A-6FB2-4E50-9D89-D0B49FA7E5DD}.Release|ARM.Build.0 = Release|ARM
		{D5F30C2A-6FB2-4E50-9D89-D0B49FA7E5DD}.Release|ARM.Deploy.0 = Release|ARM
		{D5F30C2A-6FB2-4E50-9D89-D0B49FA7E5DD}.Release|iPhone.ActiveCfg = Release|x86
		{D5F30C2A-6FB2-4E50-9D89-D0B49FA7E5DD}.Release|iPhoneSimulator.ActiveCfg = Release|x86
		{D5F30C2A-6FB2-4E50-9D89-D0B49FA7E5DD}.Release|x64.ActiveCfg = Release|x64
		{D5F30C2A-6FB2-4E50-9D89-D0B49FA7E5DD}.Release|x64.Build.0 = Release|x64
		{D5F30C2A-6FB2-4E50-9D89-D0B49FA7E5DD}.Release|x64.Deploy.0 = Release|x64
		{D5F30C2A-6FB2-4E50-9D89-D0B49FA7E5DD}.Release|x86.ActiveCfg = Release|x86
		{D5F30C2A-6FB2-4E50-9D89-D0B49FA7E5DD}.Release|x86.Build.0 = Release|x86
		{D5F30C2A-6FB2-4E50-9D89-D0B49FA7E5DD}.Release|x86.Deploy.0 = Release|x86
		{8DD584BE-1E15-440C-9381-A3B8B85A254C}.Ad-Hoc|Any CPU.ActiveCfg = Ad-Hoc|iPhone
		{8DD584BE-1E15-440C-9381-A3B8B85A254C}.Ad-Hoc|ARM.ActiveCfg = Ad-Hoc|iPhone
		{8DD584BE-1E15-440C-9381-A3B8B85A254C}.Ad-Hoc|iPhone.ActiveCfg = Ad-Hoc|iPhone
		{8DD584BE-1E15-440C-9381-A3B8B85A254C}.Ad-Hoc|iPhone.Build.0 = Ad-Hoc|iPhone
		{8DD584BE-1E15-440C-9381-A3B8B85A254C}.Ad-Hoc|iPhoneSimulator.ActiveCfg = Ad-Hoc|iPhoneSimulator
		{8DD584BE-1E15-440C-9381-A3B8B85A254C}.Ad-Hoc|iPhoneSimulator.Build.0 = Ad-Hoc|iPhoneSimulator
		{8DD584BE-1E15-440C-9381-A3B8B85A254C}.Ad-Hoc|x64.ActiveCfg = Ad-Hoc|iPhone
		{8DD584BE-1E15-440C-9381-A3B8B85A254C}.Ad-Hoc|x86.ActiveCfg = Ad-Hoc|iPhone
		{8DD584BE-1E15-440C-9381-A3B8B85A254C}.AppStore|Any CPU.ActiveCfg = AppStore|iPhone
		{8DD584BE-1E15-440C-9381-A3B8B85A254C}.AppStore|ARM.ActiveCfg = AppStore|iPhone
		{8DD584BE-1E15-440C-9381-A3B8B85A254C}.AppStore|iPhone.ActiveCfg = AppStore|iPhone
		{8DD584BE-1E15-440C-9381-A3B8B85A254C}.AppStore|iPhone.Build.0 = AppStore|iPhone
		{8DD584BE-1E15-440C-9381-A3B8B85A254C}.AppStore|iPhoneSimulator.ActiveCfg = AppStore|iPhoneSimulator
		{8DD584BE-1E15-440C-9381-A3B8B85A254C}.AppStore|iPhoneSimulator.Build.0 = AppStore|iPhoneSimulator
		{8DD584BE-1E15-440C-9381-A3B8B85A254C}.AppStore|x64.ActiveCfg = AppStore|iPhone
		{8DD584BE-1E15-440C-9381-A3B8B85A254C}.AppStore|x86.ActiveCfg = AppStore|iPhone
		{8DD584BE-1E15-440C-9381-A3B8B85A254C}.Debug|Any CPU.ActiveCfg = Debug|iPhone
		{8DD584BE-1E15-440C-9381-A3B8B85A254C}.Debug|ARM.ActiveCfg = Debug|iPhone
		{8DD584BE-1E15-440C-9381-A3B8B85A254C}.Debug|iPhone.ActiveCfg = Debug|iPhone
		{8DD584BE-1E15-440C-9381-A3B8B85A254C}.Debug|iPhone.Build.0 = Debug|iPhone
		{8DD584BE-1E15-440C-9381-A3B8B85A254C}.Debug|iPhoneSimulator.ActiveCfg = Debug|iPhoneSimulator
		{8DD584BE-1E15-440C-9381-A3B8B85A254C}.Debug|iPhoneSimulator.Build.0 = Debug|iPhoneSimulator
		{8DD584BE-1E15-440C-9381-A3B8B85A254C}.Debug|x64.ActiveCfg = Debug|iPhone
		{8DD584BE-1E15-440C-9381-A3B8B85A254C}.Debug|x86.ActiveCfg = Debug|iPhone
		{8DD584BE-1E15-440C-9381-A3B8B85A254C}.Release|Any CPU.ActiveCfg = Release|iPhone
		{8DD584BE-1E15-440C-9381-A3B8B85A254C}.Release|ARM.ActiveCfg = Release|iPhone
		{8DD584BE-1E15-440C-9381-A3B8B85A254C}.Release|iPhone.ActiveCfg = Release|iPhone
		{8DD584BE-1E15-440C-9381-A3B8B85A254C}.Release|iPhone.Build.0 = Release|iPhone
		{8DD584BE-1E15-440C-9381-A3B8B85A254C}.Release|iPhoneSimulator.ActiveCfg = Release|iPhoneSimulator
		{8DD584BE-1E15-440C-9381-A3B8B85A254C}.Release|iPhoneSimulator.Build.0 = Release|iPhoneSimulator
		{8DD584BE-1E15-440C-9381-A3B8B85A254C}.Release|x64.ActiveCfg = Release|iPhone
		{8DD584BE-1E15-440C-9381-A3B8B85A254C}.Release|x86.ActiveCfg = Release|iPhone
	EndGlobalSection
	GlobalSection(SolutionProperties) = preSolution
		HideSolutionNode = FALSE
	EndGlobalSection
	GlobalSection(ExtensibilityGlobals) = postSolution
		SolutionGuid = {1A801C26-B517-4D94-8DDE-C62467BC5313}
	EndGlobalSection
EndGlobal
