
Microsoft Visual Studio Solution File, Format Version 12.00
# Visual Studio 15
VisualStudioVersion = 15.0.26430.6
MinimumVisualStudioVersion = 10.0.40219.1
Project("{FAE04EC0-301F-11D3-BF4B-00C04F79EFBC}") = "XF.AplicativoFIAP.Android", "XF.AplicativoFIAP\XF.AplicativoFIAP.Android\XF.AplicativoFIAP.Android.csproj", "{3699DC3A-5EBB-4C9D-B8C1-2BD9ECAA52A3}"
EndProject
Project("{FAE04EC0-301F-11D3-BF4B-00C04F79EFBC}") = "XF.AplicativoFIAP", "XF.AplicativoFIAP\XF.AplicativoFIAP\XF.AplicativoFIAP.csproj", "{62B055A9-8488-4551-BB9B-C9A21DD3C23D}"
EndProject
Project("{FAE04EC0-301F-11D3-BF4B-00C04F79EFBC}") = "XF.AplicativoFIAP.UWP", "XF.AplicativoFIAP\XF.AplicativoFIAP.UWP\XF.AplicativoFIAP.UWP.csproj", "{6CD74157-302B-469C-BB17-E98C57A81325}"
EndProject
Project("{FAE04EC0-301F-11D3-BF4B-00C04F79EFBC}") = "XF.AplicativoFIAP.iOS", "XF.AplicativoFIAP\XF.AplicativoFIAP.iOS\XF.AplicativoFIAP.iOS.csproj", "{782910E3-5207-417F-8297-BE2ED78C2CE5}"
EndProject
Global
	GlobalSection(SolutionConfigurationPlatforms) = preSolution
		Ad-Hoc|Any CPU = Ad-Hoc|Any CPU
		Ad-Hoc|ARM = Ad-Hoc|ARM
		Ad-Hoc|iPhone = Ad-Hoc|iPhone
		Ad-Hoc|iPhoneSimulator = Ad-Hoc|iPhoneSimulator
		Ad-Hoc|x64 = Ad-Hoc|x64
		Ad-Hoc|x86 = Ad-Hoc|x86
		AppStore|Any CPU = AppStore|Any CPU
		AppStore|ARM = AppStore|ARM
		AppStore|iPhone = AppStore|iPhone
		AppStore|iPhoneSimulator = AppStore|iPhoneSimulator
		AppStore|x64 = AppStore|x64
		AppStore|x86 = AppStore|x86
		Debug|Any CPU = Debug|Any CPU
		Debug|ARM = Debug|ARM
		Debug|iPhone = Debug|iPhone
		Debug|iPhoneSimulator = Debug|iPhoneSimulator
		Debug|x64 = Debug|x64
		Debug|x86 = Debug|x86
		Release|Any CPU = Release|Any CPU
		Release|ARM = Release|ARM
		Release|iPhone = Release|iPhone
		Release|iPhoneSimulator = Release|iPhoneSimulator
		Release|x64 = Release|x64
		Release|x86 = Release|x86
	EndGlobalSection
	GlobalSection(ProjectConfigurationPlatforms) = postSolution
		{3699DC3A-5EBB-4C9D-B8C1-2BD9ECAA52A3}.Ad-Hoc|Any CPU.ActiveCfg = Release|Any CPU
		{3699DC3A-5EBB-4C9D-B8C1-2BD9ECAA52A3}.Ad-Hoc|Any CPU.Build.0 = Release|Any CPU
		{3699DC3A-5EBB-4C9D-B8C1-2BD9ECAA52A3}.Ad-Hoc|Any CPU.Deploy.0 = Release|Any CPU
		{3699DC3A-5EBB-4C9D-B8C1-2BD9ECAA52A3}.Ad-Hoc|ARM.ActiveCfg = Release|Any CPU
		{3699DC3A-5EBB-4C9D-B8C1-2BD9ECAA52A3}.Ad-Hoc|ARM.Build.0 = Release|Any CPU
		{3699DC3A-5EBB-4C9D-B8C1-2BD9ECAA52A3}.Ad-Hoc|ARM.Deploy.0 = Release|Any CPU
		{3699DC3A-5EBB-4C9D-B8C1-2BD9ECAA52A3}.Ad-Hoc|iPhone.ActiveCfg = Release|Any CPU
		{3699DC3A-5EBB-4C9D-B8C1-2BD9ECAA52A3}.Ad-Hoc|iPhone.Build.0 = Release|Any CPU
		{3699DC3A-5EBB-4C9D-B8C1-2BD9ECAA52A3}.Ad-Hoc|iPhone.Deploy.0 = Release|Any CPU
		{3699DC3A-5EBB-4C9D-B8C1-2BD9ECAA52A3}.Ad-Hoc|iPhoneSimulator.ActiveCfg = Release|Any CPU
		{3699DC3A-5EBB-4C9D-B8C1-2BD9ECAA52A3}.Ad-Hoc|iPhoneSimulator.Build.0 = Release|Any CPU
		{3699DC3A-5EBB-4C9D-B8C1-2BD9ECAA52A3}.Ad-Hoc|iPhoneSimulator.Deploy.0 = Release|Any CPU
		{3699DC3A-5EBB-4C9D-B8C1-2BD9ECAA52A3}.Ad-Hoc|x64.ActiveCfg = Release|Any CPU
		{3699DC3A-5EBB-4C9D-B8C1-2BD9ECAA52A3}.Ad-Hoc|x64.Build.0 = Release|Any CPU
		{3699DC3A-5EBB-4C9D-B8C1-2BD9ECAA52A3}.Ad-Hoc|x64.Deploy.0 = Release|Any CPU
		{3699DC3A-5EBB-4C9D-B8C1-2BD9ECAA52A3}.Ad-Hoc|x86.ActiveCfg = Release|Any CPU
		{3699DC3A-5EBB-4C9D-B8C1-2BD9ECAA52A3}.Ad-Hoc|x86.Build.0 = Release|Any CPU
		{3699DC3A-5EBB-4C9D-B8C1-2BD9ECAA52A3}.Ad-Hoc|x86.Deploy.0 = Release|Any CPU
		{3699DC3A-5EBB-4C9D-B8C1-2BD9ECAA52A3}.AppStore|Any CPU.ActiveCfg = Release|Any CPU
		{3699DC3A-5EBB-4C9D-B8C1-2BD9ECAA52A3}.AppStore|Any CPU.Build.0 = Release|Any CPU
		{3699DC3A-5EBB-4C9D-B8C1-2BD9ECAA52A3}.AppStore|Any CPU.Deploy.0 = Release|Any CPU
		{3699DC3A-5EBB-4C9D-B8C1-2BD9ECAA52A3}.AppStore|ARM.ActiveCfg = Release|Any CPU
		{3699DC3A-5EBB-4C9D-B8C1-2BD9ECAA52A3}.AppStore|ARM.Build.0 = Release|Any CPU
		{3699DC3A-5EBB-4C9D-B8C1-2BD9ECAA52A3}.AppStore|ARM.Deploy.0 = Release|Any CPU
		{3699DC3A-5EBB-4C9D-B8C1-2BD9ECAA52A3}.AppStore|iPhone.ActiveCfg = Release|Any CPU
		{3699DC3A-5EBB-4C9D-B8C1-2BD9ECAA52A3}.AppStore|iPhone.Build.0 = Release|Any CPU
		{3699DC3A-5EBB-4C9D-B8C1-2BD9ECAA52A3}.AppStore|iPhone.Deploy.0 = Release|Any CPU
		{3699DC3A-5EBB-4C9D-B8C1-2BD9ECAA52A3}.AppStore|iPhoneSimulator.ActiveCfg = Release|Any CPU
		{3699DC3A-5EBB-4C9D-B8C1-2BD9ECAA52A3}.AppStore|iPhoneSimulator.Build.0 = Release|Any CPU
		{3699DC3A-5EBB-4C9D-B8C1-2BD9ECAA52A3}.AppStore|iPhoneSimulator.Deploy.0 = Release|Any CPU
		{3699DC3A-5EBB-4C9D-B8C1-2BD9ECAA52A3}.AppStore|x64.ActiveCfg = Release|Any CPU
		{3699DC3A-5EBB-4C9D-B8C1-2BD9ECAA52A3}.AppStore|x64.Build.0 = Release|Any CPU
		{3699DC3A-5EBB-4C9D-B8C1-2BD9ECAA52A3}.AppStore|x64.Deploy.0 = Release|Any CPU
		{3699DC3A-5EBB-4C9D-B8C1-2BD9ECAA52A3}.AppStore|x86.ActiveCfg = Release|Any CPU
		{3699DC3A-5EBB-4C9D-B8C1-2BD9ECAA52A3}.AppStore|x86.Build.0 = Release|Any CPU
		{3699DC3A-5EBB-4C9D-B8C1-2BD9ECAA52A3}.AppStore|x86.Deploy.0 = Release|Any CPU
		{3699DC3A-5EBB-4C9D-B8C1-2BD9ECAA52A3}.Debug|Any CPU.ActiveCfg = Debug|Any CPU
		{3699DC3A-5EBB-4C9D-B8C1-2BD9ECAA52A3}.Debug|Any CPU.Build.0 = Debug|Any CPU
		{3699DC3A-5EBB-4C9D-B8C1-2BD9ECAA52A3}.Debug|Any CPU.Deploy.0 = Debug|Any CPU
		{3699DC3A-5EBB-4C9D-B8C1-2BD9ECAA52A3}.Debug|ARM.ActiveCfg = Debug|Any CPU
		{3699DC3A-5EBB-4C9D-B8C1-2BD9ECAA52A3}.Debug|ARM.Build.0 = Debug|Any CPU
		{3699DC3A-5EBB-4C9D-B8C1-2BD9ECAA52A3}.Debug|ARM.Deploy.0 = Debug|Any CPU
		{3699DC3A-5EBB-4C9D-B8C1-2BD9ECAA52A3}.Debug|iPhone.ActiveCfg = Debug|Any CPU
		{3699DC3A-5EBB-4C9D-B8C1-2BD9ECAA52A3}.Debug|iPhone.Build.0 = Debug|Any CPU
		{3699DC3A-5EBB-4C9D-B8C1-2BD9ECAA52A3}.Debug|iPhone.Deploy.0 = Debug|Any CPU
		{3699DC3A-5EBB-4C9D-B8C1-2BD9ECAA52A3}.Debug|iPhoneSimulator.ActiveCfg = Debug|Any CPU
		{3699DC3A-5EBB-4C9D-B8C1-2BD9ECAA52A3}.Debug|iPhoneSimulator.Build.0 = Debug|Any CPU
		{3699DC3A-5EBB-4C9D-B8C1-2BD9ECAA52A3}.Debug|iPhoneSimulator.Deploy.0 = Debug|Any CPU
		{3699DC3A-5EBB-4C9D-B8C1-2BD9ECAA52A3}.Debug|x64.ActiveCfg = Debug|Any CPU
		{3699DC3A-5EBB-4C9D-B8C1-2BD9ECAA52A3}.Debug|x64.Build.0 = Debug|Any CPU
		{3699DC3A-5EBB-4C9D-B8C1-2BD9ECAA52A3}.Debug|x64.Deploy.0 = Debug|Any CPU
		{3699DC3A-5EBB-4C9D-B8C1-2BD9ECAA52A3}.Debug|x86.ActiveCfg = Debug|Any CPU
		{3699DC3A-5EBB-4C9D-B8C1-2BD9ECAA52A3}.Debug|x86.Build.0 = Debug|Any CPU
		{3699DC3A-5EBB-4C9D-B8C1-2BD9ECAA52A3}.Debug|x86.Deploy.0 = Debug|Any CPU
		{3699DC3A-5EBB-4C9D-B8C1-2BD9ECAA52A3}.Release|Any CPU.ActiveCfg = Release|Any CPU
		{3699DC3A-5EBB-4C9D-B8C1-2BD9ECAA52A3}.Release|Any CPU.Build.0 = Release|Any CPU
		{3699DC3A-5EBB-4C9D-B8C1-2BD9ECAA52A3}.Release|Any CPU.Deploy.0 = Release|Any CPU
		{3699DC3A-5EBB-4C9D-B8C1-2BD9ECAA52A3}.Release|ARM.ActiveCfg = Release|Any CPU
		{3699DC3A-5EBB-4C9D-B8C1-2BD9ECAA52A3}.Release|ARM.Build.0 = Release|Any CPU
		{3699DC3A-5EBB-4C9D-B8C1-2BD9ECAA52A3}.Release|ARM.Deploy.0 = Release|Any CPU
		{3699DC3A-5EBB-4C9D-B8C1-2BD9ECAA52A3}.Release|iPhone.ActiveCfg = Release|Any CPU
		{3699DC3A-5EBB-4C9D-B8C1-2BD9ECAA52A3}.Release|iPhone.Build.0 = Release|Any CPU
		{3699DC3A-5EBB-4C9D-B8C1-2BD9ECAA52A3}.Release|iPhone.Deploy.0 = Release|Any CPU
		{3699DC3A-5EBB-4C9D-B8C1-2BD9ECAA52A3}.Release|iPhoneSimulator.ActiveCfg = Release|Any CPU
		{3699DC3A-5EBB-4C9D-B8C1-2BD9ECAA52A3}.Release|iPhoneSimulator.Build.0 = Release|Any CPU
		{3699DC3A-5EBB-4C9D-B8C1-2BD9ECAA52A3}.Release|iPhoneSimulator.Deploy.0 = Release|Any CPU
		{3699DC3A-5EBB-4C9D-B8C1-2BD9ECAA52A3}.Release|x64.ActiveCfg = Release|Any CPU
		{3699DC3A-5EBB-4C9D-B8C1-2BD9ECAA52A3}.Release|x64.Build.0 = Release|Any CPU
		{3699DC3A-5EBB-4C9D-B8C1-2BD9ECAA52A3}.Release|x64.Deploy.0 = Release|Any CPU
		{3699DC3A-5EBB-4C9D-B8C1-2BD9ECAA52A3}.Release|x86.ActiveCfg = Release|Any CPU
		{3699DC3A-5EBB-4C9D-B8C1-2BD9ECAA52A3}.Release|x86.Build.0 = Release|Any CPU
		{3699DC3A-5EBB-4C9D-B8C1-2BD9ECAA52A3}.Release|x86.Deploy.0 = Release|Any CPU
		{62B055A9-8488-4551-BB9B-C9A21DD3C23D}.Ad-Hoc|Any CPU.ActiveCfg = Release|Any CPU
		{62B055A9-8488-4551-BB9B-C9A21DD3C23D}.Ad-Hoc|Any CPU.Build.0 = Release|Any CPU
		{62B055A9-8488-4551-BB9B-C9A21DD3C23D}.Ad-Hoc|ARM.ActiveCfg = Release|Any CPU
		{62B055A9-8488-4551-BB9B-C9A21DD3C23D}.Ad-Hoc|ARM.Build.0 = Release|Any CPU
		{62B055A9-8488-4551-BB9B-C9A21DD3C23D}.Ad-Hoc|iPhone.ActiveCfg = Release|Any CPU
		{62B055A9-8488-4551-BB9B-C9A21DD3C23D}.Ad-Hoc|iPhone.Build.0 = Release|Any CPU
		{62B055A9-8488-4551-BB9B-C9A21DD3C23D}.Ad-Hoc|iPhoneSimulator.ActiveCfg = Release|Any CPU
		{62B055A9-8488-4551-BB9B-C9A21DD3C23D}.Ad-Hoc|iPhoneSimulator.Build.0 = Release|Any CPU
		{62B055A9-8488-4551-BB9B-C9A21DD3C23D}.Ad-Hoc|x64.ActiveCfg = Release|Any CPU
		{62B055A9-8488-4551-BB9B-C9A21DD3C23D}.Ad-Hoc|x64.Build.0 = Release|Any CPU
		{62B055A9-8488-4551-BB9B-C9A21DD3C23D}.Ad-Hoc|x86.ActiveCfg = Release|Any CPU
		{62B055A9-8488-4551-BB9B-C9A21DD3C23D}.Ad-Hoc|x86.Build.0 = Release|Any CPU
		{62B055A9-8488-4551-BB9B-C9A21DD3C23D}.AppStore|Any CPU.ActiveCfg = Release|Any CPU
		{62B055A9-8488-4551-BB9B-C9A21DD3C23D}.AppStore|Any CPU.Build.0 = Release|Any CPU
		{62B055A9-8488-4551-BB9B-C9A21DD3C23D}.AppStore|ARM.ActiveCfg = Release|Any CPU
		{62B055A9-8488-4551-BB9B-C9A21DD3C23D}.AppStore|ARM.Build.0 = Release|Any CPU
		{62B055A9-8488-4551-BB9B-C9A21DD3C23D}.AppStore|iPhone.ActiveCfg = Release|Any CPU
		{62B055A9-8488-4551-BB9B-C9A21DD3C23D}.AppStore|iPhone.Build.0 = Release|Any CPU
		{62B055A9-8488-4551-BB9B-C9A21DD3C23D}.AppStore|iPhoneSimulator.ActiveCfg = Release|Any CPU
		{62B055A9-8488-4551-BB9B-C9A21DD3C23D}.AppStore|iPhoneSimulator.Build.0 = Release|Any CPU
		{62B055A9-8488-4551-BB9B-C9A21DD3C23D}.AppStore|x64.ActiveCfg = Release|Any CPU
		{62B055A9-8488-4551-BB9B-C9A21DD3C23D}.AppStore|x64.Build.0 = Release|Any CPU
		{62B055A9-8488-4551-BB9B-C9A21DD3C23D}.AppStore|x86.ActiveCfg = Release|Any CPU
		{62B055A9-8488-4551-BB9B-C9A21DD3C23D}.AppStore|x86.Build.0 = Release|Any CPU
		{62B055A9-8488-4551-BB9B-C9A21DD3C23D}.Debug|Any CPU.ActiveCfg = Debug|Any CPU
		{62B055A9-8488-4551-BB9B-C9A21DD3C23D}.Debug|Any CPU.Build.0 = Debug|Any CPU
		{62B055A9-8488-4551-BB9B-C9A21DD3C23D}.Debug|ARM.ActiveCfg = Debug|Any CPU
		{62B055A9-8488-4551-BB9B-C9A21DD3C23D}.Debug|ARM.Build.0 = Debug|Any CPU
		{62B055A9-8488-4551-BB9B-C9A21DD3C23D}.Debug|iPhone.ActiveCfg = Debug|Any CPU
		{62B055A9-8488-4551-BB9B-C9A21DD3C23D}.Debug|iPhone.Build.0 = Debug|Any CPU
		{62B055A9-8488-4551-BB9B-C9A21DD3C23D}.Debug|iPhoneSimulator.ActiveCfg = Debug|Any CPU
		{62B055A9-8488-4551-BB9B-C9A21DD3C23D}.Debug|iPhoneSimulator.Build.0 = Debug|Any CPU
		{62B055A9-8488-4551-BB9B-C9A21DD3C23D}.Debug|x64.ActiveCfg = Debug|Any CPU
		{62B055A9-8488-4551-BB9B-C9A21DD3C23D}.Debug|x64.Build.0 = Debug|Any CPU
		{62B055A9-8488-4551-BB9B-C9A21DD3C23D}.Debug|x86.ActiveCfg = Debug|Any CPU
		{62B055A9-8488-4551-BB9B-C9A21DD3C23D}.Debug|x86.Build.0 = Debug|Any CPU
		{62B055A9-8488-4551-BB9B-C9A21DD3C23D}.Release|Any CPU.ActiveCfg = Release|Any CPU
		{62B055A9-8488-4551-BB9B-C9A21DD3C23D}.Release|Any CPU.Build.0 = Release|Any CPU
		{62B055A9-8488-4551-BB9B-C9A21DD3C23D}.Release|ARM.ActiveCfg = Release|Any CPU
		{62B055A9-8488-4551-BB9B-C9A21DD3C23D}.Release|ARM.Build.0 = Release|Any CPU
		{62B055A9-8488-4551-BB9B-C9A21DD3C23D}.Release|iPhone.ActiveCfg = Release|Any CPU
		{62B055A9-8488-4551-BB9B-C9A21DD3C23D}.Release|iPhone.Build.0 = Release|Any CPU
		{62B055A9-8488-4551-BB9B-C9A21DD3C23D}.Release|iPhoneSimulator.ActiveCfg = Release|Any CPU
		{62B055A9-8488-4551-BB9B-C9A21DD3C23D}.Release|iPhoneSimulator.Build.0 = Release|Any CPU
		{62B055A9-8488-4551-BB9B-C9A21DD3C23D}.Release|x64.ActiveCfg = Release|Any CPU
		{62B055A9-8488-4551-BB9B-C9A21DD3C23D}.Release|x64.Build.0 = Release|Any CPU
		{62B055A9-8488-4551-BB9B-C9A21DD3C23D}.Release|x86.ActiveCfg = Release|Any CPU
		{62B055A9-8488-4551-BB9B-C9A21DD3C23D}.Release|x86.Build.0 = Release|Any CPU
		{6CD74157-302B-469C-BB17-E98C57A81325}.Ad-Hoc|Any CPU.ActiveCfg = Release|x86
		{6CD74157-302B-469C-BB17-E98C57A81325}.Ad-Hoc|Any CPU.Build.0 = Release|x86
		{6CD74157-302B-469C-BB17-E98C57A81325}.Ad-Hoc|Any CPU.Deploy.0 = Release|x86
		{6CD74157-302B-469C-BB17-E98C57A81325}.Ad-Hoc|ARM.ActiveCfg = Release|ARM
		{6CD74157-302B-469C-BB17-E98C57A81325}.Ad-Hoc|ARM.Build.0 = Release|ARM
		{6CD74157-302B-469C-BB17-E98C57A81325}.Ad-Hoc|ARM.Deploy.0 = Release|ARM
		{6CD74157-302B-469C-BB17-E98C57A81325}.Ad-Hoc|iPhone.ActiveCfg = Release|x86
		{6CD74157-302B-469C-BB17-E98C57A81325}.Ad-Hoc|iPhone.Build.0 = Release|x86
		{6CD74157-302B-469C-BB17-E98C57A81325}.Ad-Hoc|iPhone.Deploy.0 = Release|x86
		{6CD74157-302B-469C-BB17-E98C57A81325}.Ad-Hoc|iPhoneSimulator.ActiveCfg = Release|x86
		{6CD74157-302B-469C-BB17-E98C57A81325}.Ad-Hoc|iPhoneSimulator.Build.0 = Release|x86
		{6CD74157-302B-469C-BB17-E98C57A81325}.Ad-Hoc|iPhoneSimulator.Deploy.0 = Release|x86
		{6CD74157-302B-469C-BB17-E98C57A81325}.Ad-Hoc|x64.ActiveCfg = Release|x64
		{6CD74157-302B-469C-BB17-E98C57A81325}.Ad-Hoc|x64.Build.0 = Release|x64
		{6CD74157-302B-469C-BB17-E98C57A81325}.Ad-Hoc|x64.Deploy.0 = Release|x64
		{6CD74157-302B-469C-BB17-E98C57A81325}.Ad-Hoc|x86.ActiveCfg = Release|x86
		{6CD74157-302B-469C-BB17-E98C57A81325}.Ad-Hoc|x86.Build.0 = Release|x86
		{6CD74157-302B-469C-BB17-E98C57A81325}.Ad-Hoc|x86.Deploy.0 = Release|x86
		{6CD74157-302B-469C-BB17-E98C57A81325}.AppStore|Any CPU.ActiveCfg = Release|x86
		{6CD74157-302B-469C-BB17-E98C57A81325}.AppStore|Any CPU.Build.0 = Release|x86
		{6CD74157-302B-469C-BB17-E98C57A81325}.AppStore|Any CPU.Deploy.0 = Release|x86
		{6CD74157-302B-469C-BB17-E98C57A81325}.AppStore|ARM.ActiveCfg = Release|ARM
		{6CD74157-302B-469C-BB17-E98C57A81325}.AppStore|ARM.Build.0 = Release|ARM
		{6CD74157-302B-469C-BB17-E98C57A81325}.AppStore|ARM.Deploy.0 = Release|ARM
		{6CD74157-302B-469C-BB17-E98C57A81325}.AppStore|iPhone.ActiveCfg = Release|x86
		{6CD74157-302B-469C-BB17-E98C57A81325}.AppStore|iPhone.Build.0 = Release|x86
		{6CD74157-302B-469C-BB17-E98C57A81325}.AppStore|iPhone.Deploy.0 = Release|x86
		{6CD74157-302B-469C-BB17-E98C57A81325}.AppStore|iPhoneSimulator.ActiveCfg = Release|x86
		{6CD74157-302B-469C-BB17-E98C57A81325}.AppStore|iPhoneSimulator.Build.0 = Release|x86
		{6CD74157-302B-469C-BB17-E98C57A81325}.AppStore|iPhoneSimulator.Deploy.0 = Release|x86
		{6CD74157-302B-469C-BB17-E98C57A81325}.AppStore|x64.ActiveCfg = Release|x64
		{6CD74157-302B-469C-BB17-E98C57A81325}.AppStore|x64.Build.0 = Release|x64
		{6CD74157-302B-469C-BB17-E98C57A81325}.AppStore|x64.Deploy.0 = Release|x64
		{6CD74157-302B-469C-BB17-E98C57A81325}.AppStore|x86.ActiveCfg = Release|x86
		{6CD74157-302B-469C-BB17-E98C57A81325}.AppStore|x86.Build.0 = Release|x86
		{6CD74157-302B-469C-BB17-E98C57A81325}.AppStore|x86.Deploy.0 = Release|x86
		{6CD74157-302B-469C-BB17-E98C57A81325}.Debug|Any CPU.ActiveCfg = Debug|x86
		{6CD74157-302B-469C-BB17-E98C57A81325}.Debug|ARM.ActiveCfg = Debug|ARM
		{6CD74157-302B-469C-BB17-E98C57A81325}.Debug|ARM.Build.0 = Debug|ARM
		{6CD74157-302B-469C-BB17-E98C57A81325}.Debug|ARM.Deploy.0 = Debug|ARM
		{6CD74157-302B-469C-BB17-E98C57A81325}.Debug|iPhone.ActiveCfg = Debug|x86
		{6CD74157-302B-469C-BB17-E98C57A81325}.Debug|iPhoneSimulator.ActiveCfg = Debug|x86
		{6CD74157-302B-469C-BB17-E98C57A81325}.Debug|x64.ActiveCfg = Debug|x64
		{6CD74157-302B-469C-BB17-E98C57A81325}.Debug|x64.Build.0 = Debug|x64
		{6CD74157-302B-469C-BB17-E98C57A81325}.Debug|x64.Deploy.0 = Debug|x64
		{6CD74157-302B-469C-BB17-E98C57A81325}.Debug|x86.ActiveCfg = Debug|x86
		{6CD74157-302B-469C-BB17-E98C57A81325}.Debug|x86.Build.0 = Debug|x86
		{6CD74157-302B-469C-BB17-E98C57A81325}.Debug|x86.Deploy.0 = Debug|x86
		{6CD74157-302B-469C-BB17-E98C57A81325}.Release|Any CPU.ActiveCfg = Release|x86
		{6CD74157-302B-469C-BB17-E98C57A81325}.Release|ARM.ActiveCfg = Release|ARM
		{6CD74157-302B-469C-BB17-E98C57A81325}.Release|ARM.Build.0 = Release|ARM
		{6CD74157-302B-469C-BB17-E98C57A81325}.Release|ARM.Deploy.0 = Release|ARM
		{6CD74157-302B-469C-BB17-E98C57A81325}.Release|iPhone.ActiveCfg = Release|x86
		{6CD74157-302B-469C-BB17-E98C57A81325}.Release|iPhoneSimulator.ActiveCfg = Release|x86
		{6CD74157-302B-469C-BB17-E98C57A81325}.Release|x64.ActiveCfg = Release|x64
		{6CD74157-302B-469C-BB17-E98C57A81325}.Release|x64.Build.0 = Release|x64
		{6CD74157-302B-469C-BB17-E98C57A81325}.Release|x64.Deploy.0 = Release|x64
		{6CD74157-302B-469C-BB17-E98C57A81325}.Release|x86.ActiveCfg = Release|x86
		{6CD74157-302B-469C-BB17-E98C57A81325}.Release|x86.Build.0 = Release|x86
		{6CD74157-302B-469C-BB17-E98C57A81325}.Release|x86.Deploy.0 = Release|x86
		{782910E3-5207-417F-8297-BE2ED78C2CE5}.Ad-Hoc|Any CPU.ActiveCfg = Ad-Hoc|iPhone
		{782910E3-5207-417F-8297-BE2ED78C2CE5}.Ad-Hoc|ARM.ActiveCfg = Ad-Hoc|iPhone
		{782910E3-5207-417F-8297-BE2ED78C2CE5}.Ad-Hoc|iPhone.ActiveCfg = Ad-Hoc|iPhone
		{782910E3-5207-417F-8297-BE2ED78C2CE5}.Ad-Hoc|iPhone.Build.0 = Ad-Hoc|iPhone
		{782910E3-5207-417F-8297-BE2ED78C2CE5}.Ad-Hoc|iPhoneSimulator.ActiveCfg = Ad-Hoc|iPhoneSimulator
		{782910E3-5207-417F-8297-BE2ED78C2CE5}.Ad-Hoc|iPhoneSimulator.Build.0 = Ad-Hoc|iPhoneSimulator
		{782910E3-5207-417F-8297-BE2ED78C2CE5}.Ad-Hoc|x64.ActiveCfg = Ad-Hoc|iPhone
		{782910E3-5207-417F-8297-BE2ED78C2CE5}.Ad-Hoc|x86.ActiveCfg = Ad-Hoc|iPhone
		{782910E3-5207-417F-8297-BE2ED78C2CE5}.AppStore|Any CPU.ActiveCfg = AppStore|iPhone
		{782910E3-5207-417F-8297-BE2ED78C2CE5}.AppStore|ARM.ActiveCfg = AppStore|iPhone
		{782910E3-5207-417F-8297-BE2ED78C2CE5}.AppStore|iPhone.ActiveCfg = AppStore|iPhone
		{782910E3-5207-417F-8297-BE2ED78C2CE5}.AppStore|iPhone.Build.0 = AppStore|iPhone
		{782910E3-5207-417F-8297-BE2ED78C2CE5}.AppStore|iPhoneSimulator.ActiveCfg = AppStore|iPhoneSimulator
		{782910E3-5207-417F-8297-BE2ED78C2CE5}.AppStore|iPhoneSimulator.Build.0 = AppStore|iPhoneSimulator
		{782910E3-5207-417F-8297-BE2ED78C2CE5}.AppStore|x64.ActiveCfg = AppStore|iPhone
		{782910E3-5207-417F-8297-BE2ED78C2CE5}.AppStore|x86.ActiveCfg = AppStore|iPhone
		{782910E3-5207-417F-8297-BE2ED78C2CE5}.Debug|Any CPU.ActiveCfg = Debug|iPhone
		{782910E3-5207-417F-8297-BE2ED78C2CE5}.Debug|ARM.ActiveCfg = Debug|iPhone
		{782910E3-5207-417F-8297-BE2ED78C2CE5}.Debug|iPhone.ActiveCfg = Debug|iPhone
		{782910E3-5207-417F-8297-BE2ED78C2CE5}.Debug|iPhone.Build.0 = Debug|iPhone
		{782910E3-5207-417F-8297-BE2ED78C2CE5}.Debug|iPhoneSimulator.ActiveCfg = Debug|iPhoneSimulator
		{782910E3-5207-417F-8297-BE2ED78C2CE5}.Debug|iPhoneSimulator.Build.0 = Debug|iPhoneSimulator
		{782910E3-5207-417F-8297-BE2ED78C2CE5}.Debug|x64.ActiveCfg = Debug|iPhone
		{782910E3-5207-417F-8297-BE2ED78C2CE5}.Debug|x86.ActiveCfg = Debug|iPhone
		{782910E3-5207-417F-8297-BE2ED78C2CE5}.Release|Any CPU.ActiveCfg = Release|iPhone
		{782910E3-5207-417F-8297-BE2ED78C2CE5}.Release|ARM.ActiveCfg = Release|iPhone
		{782910E3-5207-417F-8297-BE2ED78C2CE5}.Release|iPhone.ActiveCfg = Release|iPhone
		{782910E3-5207-417F-8297-BE2ED78C2CE5}.Release|iPhone.Build.0 = Release|iPhone
		{782910E3-5207-417F-8297-BE2ED78C2CE5}.Release|iPhoneSimulator.ActiveCfg = Release|iPhoneSimulator
		{782910E3-5207-417F-8297-BE2ED78C2CE5}.Release|iPhoneSimulator.Build.0 = Release|iPhoneSimulator
		{782910E3-5207-417F-8297-BE2ED78C2CE5}.Release|x64.ActiveCfg = Release|iPhone
		{782910E3-5207-417F-8297-BE2ED78C2CE5}.Release|x86.ActiveCfg = Release|iPhone
	EndGlobalSection
	GlobalSection(SolutionProperties) = preSolution
		HideSolutionNode = FALSE
	EndGlobalSection
EndGlobal
