
Microsoft Visual Studio Solution File, Format Version 12.00
# Visual Studio 15
VisualStudioVersion = 15.0.26430.4
MinimumVisualStudioVersion = 10.0.40219.1
Project("{FAE04EC0-301F-11D3-BF4B-00C04F79EFBC}") = "XF.Contatos.Android", "XF.Contatos\XF.Contatos.Android\XF.Contatos.Android.csproj", "{751D4E32-AF18-4811-AA4F-9FFB04472790}"
EndProject
Project("{FAE04EC0-301F-11D3-BF4B-00C04F79EFBC}") = "XF.Contatos", "XF.Contatos\XF.Contatos\XF.Contatos.csproj", "{6B1747A0-F9E9-4B74-84C6-68A5F9F9F28F}"
EndProject
Project("{FAE04EC0-301F-11D3-BF4B-00C04F79EFBC}") = "XF.Contatos.UWP", "XF.Contatos\XF.Contatos.UWP\XF.Contatos.UWP.csproj", "{74218609-1551-40A1-9995-4B6A8F5960EF}"
EndProject
Project("{FAE04EC0-301F-11D3-BF4B-00C04F79EFBC}") = "XF.Contatos.iOS", "XF.Contatos\XF.Contatos.iOS\XF.Contatos.iOS.csproj", "{C9344D72-78C7-4730-AC28-C976BCC7D158}"
EndProject
Global
	GlobalSection(SolutionConfigurationPlatforms) = preSolution
		Ad-Hoc|Any CPU = Ad-Hoc|Any CPU
		Ad-Hoc|ARM = Ad-Hoc|ARM
		Ad-Hoc|iPhone = Ad-Hoc|iPhone
		Ad-Hoc|iPhoneSimulator = Ad-Hoc|iPhoneSimulator
		Ad-Hoc|x64 = Ad-Hoc|x64
		Ad-Hoc|x86 = Ad-Hoc|x86
		AppStore|Any CPU = AppStore|Any CPU
		AppStore|ARM = AppStore|ARM
		AppStore|iPhone = AppStore|iPhone
		AppStore|iPhoneSimulator = AppStore|iPhoneSimulator
		AppStore|x64 = AppStore|x64
		AppStore|x86 = AppStore|x86
		Debug|Any CPU = Debug|Any CPU
		Debug|ARM = Debug|ARM
		Debug|iPhone = Debug|iPhone
		Debug|iPhoneSimulator = Debug|iPhoneSimulator
		Debug|x64 = Debug|x64
		Debug|x86 = Debug|x86
		Release|Any CPU = Release|Any CPU
		Release|ARM = Release|ARM
		Release|iPhone = Release|iPhone
		Release|iPhoneSimulator = Release|iPhoneSimulator
		Release|x64 = Release|x64
		Release|x86 = Release|x86
	EndGlobalSection
	GlobalSection(ProjectConfigurationPlatforms) = postSolution
		{751D4E32-AF18-4811-AA4F-9FFB04472790}.Ad-Hoc|Any CPU.ActiveCfg = Release|Any CPU
		{751D4E32-AF18-4811-AA4F-9FFB04472790}.Ad-Hoc|Any CPU.Build.0 = Release|Any CPU
		{751D4E32-AF18-4811-AA4F-9FFB04472790}.Ad-Hoc|Any CPU.Deploy.0 = Release|Any CPU
		{751D4E32-AF18-4811-AA4F-9FFB04472790}.Ad-Hoc|ARM.ActiveCfg = Release|Any CPU
		{751D4E32-AF18-4811-AA4F-9FFB04472790}.Ad-Hoc|ARM.Build.0 = Release|Any CPU
		{751D4E32-AF18-4811-AA4F-9FFB04472790}.Ad-Hoc|ARM.Deploy.0 = Release|Any CPU
		{751D4E32-AF18-4811-AA4F-9FFB04472790}.Ad-Hoc|iPhone.ActiveCfg = Release|Any CPU
		{751D4E32-AF18-4811-AA4F-9FFB04472790}.Ad-Hoc|iPhone.Build.0 = Release|Any CPU
		{751D4E32-AF18-4811-AA4F-9FFB04472790}.Ad-Hoc|iPhone.Deploy.0 = Release|Any CPU
		{751D4E32-AF18-4811-AA4F-9FFB04472790}.Ad-Hoc|iPhoneSimulator.ActiveCfg = Release|Any CPU
		{751D4E32-AF18-4811-AA4F-9FFB04472790}.Ad-Hoc|iPhoneSimulator.Build.0 = Release|Any CPU
		{751D4E32-AF18-4811-AA4F-9FFB04472790}.Ad-Hoc|iPhoneSimulator.Deploy.0 = Release|Any CPU
		{751D4E32-AF18-4811-AA4F-9FFB04472790}.Ad-Hoc|x64.ActiveCfg = Release|Any CPU
		{751D4E32-AF18-4811-AA4F-9FFB04472790}.Ad-Hoc|x64.Build.0 = Release|Any CPU
		{751D4E32-AF18-4811-AA4F-9FFB04472790}.Ad-Hoc|x64.Deploy.0 = Release|Any CPU
		{751D4E32-AF18-4811-AA4F-9FFB04472790}.Ad-Hoc|x86.ActiveCfg = Release|Any CPU
		{751D4E32-AF18-4811-AA4F-9FFB04472790}.Ad-Hoc|x86.Build.0 = Release|Any CPU
		{751D4E32-AF18-4811-AA4F-9FFB04472790}.Ad-Hoc|x86.Deploy.0 = Release|Any CPU
		{751D4E32-AF18-4811-AA4F-9FFB04472790}.AppStore|Any CPU.ActiveCfg = Release|Any CPU
		{751D4E32-AF18-4811-AA4F-9FFB04472790}.AppStore|Any CPU.Build.0 = Release|Any CPU
		{751D4E32-AF18-4811-AA4F-9FFB04472790}.AppStore|Any CPU.Deploy.0 = Release|Any CPU
		{751D4E32-AF18-4811-AA4F-9FFB04472790}.AppStore|ARM.ActiveCfg = Release|Any CPU
		{751D4E32-AF18-4811-AA4F-9FFB04472790}.AppStore|ARM.Build.0 = Release|Any CPU
		{751D4E32-AF18-4811-AA4F-9FFB04472790}.AppStore|ARM.Deploy.0 = Release|Any CPU
		{751D4E32-AF18-4811-AA4F-9FFB04472790}.AppStore|iPhone.ActiveCfg = Release|Any CPU
		{751D4E32-AF18-4811-AA4F-9FFB04472790}.AppStore|iPhone.Build.0 = Release|Any CPU
		{751D4E32-AF18-4811-AA4F-9FFB04472790}.AppStore|iPhone.Deploy.0 = Release|Any CPU
		{751D4E32-AF18-4811-AA4F-9FFB04472790}.AppStore|iPhoneSimulator.ActiveCfg = Release|Any CPU
		{751D4E32-AF18-4811-AA4F-9FFB04472790}.AppStore|iPhoneSimulator.Build.0 = Release|Any CPU
		{751D4E32-AF18-4811-AA4F-9FFB04472790}.AppStore|iPhoneSimulator.Deploy.0 = Release|Any CPU
		{751D4E32-AF18-4811-AA4F-9FFB04472790}.AppStore|x64.ActiveCfg = Release|Any CPU
		{751D4E32-AF18-4811-AA4F-9FFB04472790}.AppStore|x64.Build.0 = Release|Any CPU
		{751D4E32-AF18-4811-AA4F-9FFB04472790}.AppStore|x64.Deploy.0 = Release|Any CPU
		{751D4E32-AF18-4811-AA4F-9FFB04472790}.AppStore|x86.ActiveCfg = Release|Any CPU
		{751D4E32-AF18-4811-AA4F-9FFB04472790}.AppStore|x86.Build.0 = Release|Any CPU
		{751D4E32-AF18-4811-AA4F-9FFB04472790}.AppStore|x86.Deploy.0 = Release|Any CPU
		{751D4E32-AF18-4811-AA4F-9FFB04472790}.Debug|Any CPU.ActiveCfg = Debug|Any CPU
		{751D4E32-AF18-4811-AA4F-9FFB04472790}.Debug|Any CPU.Build.0 = Debug|Any CPU
		{751D4E32-AF18-4811-AA4F-9FFB04472790}.Debug|Any CPU.Deploy.0 = Debug|Any CPU
		{751D4E32-AF18-4811-AA4F-9FFB04472790}.Debug|ARM.ActiveCfg = Debug|Any CPU
		{751D4E32-AF18-4811-AA4F-9FFB04472790}.Debug|ARM.Build.0 = Debug|Any CPU
		{751D4E32-AF18-4811-AA4F-9FFB04472790}.Debug|ARM.Deploy.0 = Debug|Any CPU
		{751D4E32-AF18-4811-AA4F-9FFB04472790}.Debug|iPhone.ActiveCfg = Debug|Any CPU
		{751D4E32-AF18-4811-AA4F-9FFB04472790}.Debug|iPhone.Build.0 = Debug|Any CPU
		{751D4E32-AF18-4811-AA4F-9FFB04472790}.Debug|iPhone.Deploy.0 = Debug|Any CPU
		{751D4E32-AF18-4811-AA4F-9FFB04472790}.Debug|iPhoneSimulator.ActiveCfg = Debug|Any CPU
		{751D4E32-AF18-4811-AA4F-9FFB04472790}.Debug|iPhoneSimulator.Build.0 = Debug|Any CPU
		{751D4E32-AF18-4811-AA4F-9FFB04472790}.Debug|iPhoneSimulator.Deploy.0 = Debug|Any CPU
		{751D4E32-AF18-4811-AA4F-9FFB04472790}.Debug|x64.ActiveCfg = Debug|Any CPU
		{751D4E32-AF18-4811-AA4F-9FFB04472790}.Debug|x64.Build.0 = Debug|Any CPU
		{751D4E32-AF18-4811-AA4F-9FFB04472790}.Debug|x64.Deploy.0 = Debug|Any CPU
		{751D4E32-AF18-4811-AA4F-9FFB04472790}.Debug|x86.ActiveCfg = Debug|Any CPU
		{751D4E32-AF18-4811-AA4F-9FFB04472790}.Debug|x86.Build.0 = Debug|Any CPU
		{751D4E32-AF18-4811-AA4F-9FFB04472790}.Debug|x86.Deploy.0 = Debug|Any CPU
		{751D4E32-AF18-4811-AA4F-9FFB04472790}.Release|Any CPU.ActiveCfg = Release|Any CPU
		{751D4E32-AF18-4811-AA4F-9FFB04472790}.Release|Any CPU.Build.0 = Release|Any CPU
		{751D4E32-AF18-4811-AA4F-9FFB04472790}.Release|Any CPU.Deploy.0 = Release|Any CPU
		{751D4E32-AF18-4811-AA4F-9FFB04472790}.Release|ARM.ActiveCfg = Release|Any CPU
		{751D4E32-AF18-4811-AA4F-9FFB04472790}.Release|ARM.Build.0 = Release|Any CPU
		{751D4E32-AF18-4811-AA4F-9FFB04472790}.Release|ARM.Deploy.0 = Release|Any CPU
		{751D4E32-AF18-4811-AA4F-9FFB04472790}.Release|iPhone.ActiveCfg = Release|Any CPU
		{751D4E32-AF18-4811-AA4F-9FFB04472790}.Release|iPhone.Build.0 = Release|Any CPU
		{751D4E32-AF18-4811-AA4F-9FFB04472790}.Release|iPhone.Deploy.0 = Release|Any CPU
		{751D4E32-AF18-4811-AA4F-9FFB04472790}.Release|iPhoneSimulator.ActiveCfg = Release|Any CPU
		{751D4E32-AF18-4811-AA4F-9FFB04472790}.Release|iPhoneSimulator.Build.0 = Release|Any CPU
		{751D4E32-AF18-4811-AA4F-9FFB04472790}.Release|iPhoneSimulator.Deploy.0 = Release|Any CPU
		{751D4E32-AF18-4811-AA4F-9FFB04472790}.Release|x64.ActiveCfg = Release|Any CPU
		{751D4E32-AF18-4811-AA4F-9FFB04472790}.Release|x64.Build.0 = Release|Any CPU
		{751D4E32-AF18-4811-AA4F-9FFB04472790}.Release|x64.Deploy.0 = Release|Any CPU
		{751D4E32-AF18-4811-AA4F-9FFB04472790}.Release|x86.ActiveCfg = Release|Any CPU
		{751D4E32-AF18-4811-AA4F-9FFB04472790}.Release|x86.Build.0 = Release|Any CPU
		{751D4E32-AF18-4811-AA4F-9FFB04472790}.Release|x86.Deploy.0 = Release|Any CPU
		{6B1747A0-F9E9-4B74-84C6-68A5F9F9F28F}.Ad-Hoc|Any CPU.ActiveCfg = Release|Any CPU
		{6B1747A0-F9E9-4B74-84C6-68A5F9F9F28F}.Ad-Hoc|Any CPU.Build.0 = Release|Any CPU
		{6B1747A0-F9E9-4B74-84C6-68A5F9F9F28F}.Ad-Hoc|ARM.ActiveCfg = Release|Any CPU
		{6B1747A0-F9E9-4B74-84C6-68A5F9F9F28F}.Ad-Hoc|ARM.Build.0 = Release|Any CPU
		{6B1747A0-F9E9-4B74-84C6-68A5F9F9F28F}.Ad-Hoc|iPhone.ActiveCfg = Release|Any CPU
		{6B1747A0-F9E9-4B74-84C6-68A5F9F9F28F}.Ad-Hoc|iPhone.Build.0 = Release|Any CPU
		{6B1747A0-F9E9-4B74-84C6-68A5F9F9F28F}.Ad-Hoc|iPhoneSimulator.ActiveCfg = Release|Any CPU
		{6B1747A0-F9E9-4B74-84C6-68A5F9F9F28F}.Ad-Hoc|iPhoneSimulator.Build.0 = Release|Any CPU
		{6B1747A0-F9E9-4B74-84C6-68A5F9F9F28F}.Ad-Hoc|x64.ActiveCfg = Release|Any CPU
		{6B1747A0-F9E9-4B74-84C6-68A5F9F9F28F}.Ad-Hoc|x64.Build.0 = Release|Any CPU
		{6B1747A0-F9E9-4B74-84C6-68A5F9F9F28F}.Ad-Hoc|x86.ActiveCfg = Release|Any CPU
		{6B1747A0-F9E9-4B74-84C6-68A5F9F9F28F}.Ad-Hoc|x86.Build.0 = Release|Any CPU
		{6B1747A0-F9E9-4B74-84C6-68A5F9F9F28F}.AppStore|Any CPU.ActiveCfg = Release|Any CPU
		{6B1747A0-F9E9-4B74-84C6-68A5F9F9F28F}.AppStore|Any CPU.Build.0 = Release|Any CPU
		{6B1747A0-F9E9-4B74-84C6-68A5F9F9F28F}.AppStore|ARM.ActiveCfg = Release|Any CPU
		{6B1747A0-F9E9-4B74-84C6-68A5F9F9F28F}.AppStore|ARM.Build.0 = Release|Any CPU
		{6B1747A0-F9E9-4B74-84C6-68A5F9F9F28F}.AppStore|iPhone.ActiveCfg = Release|Any CPU
		{6B1747A0-F9E9-4B74-84C6-68A5F9F9F28F}.AppStore|iPhone.Build.0 = Release|Any CPU
		{6B1747A0-F9E9-4B74-84C6-68A5F9F9F28F}.AppStore|iPhoneSimulator.ActiveCfg = Release|Any CPU
		{6B1747A0-F9E9-4B74-84C6-68A5F9F9F28F}.AppStore|iPhoneSimulator.Build.0 = Release|Any CPU
		{6B1747A0-F9E9-4B74-84C6-68A5F9F9F28F}.AppStore|x64.ActiveCfg = Release|Any CPU
		{6B1747A0-F9E9-4B74-84C6-68A5F9F9F28F}.AppStore|x64.Build.0 = Release|Any CPU
		{6B1747A0-F9E9-4B74-84C6-68A5F9F9F28F}.AppStore|x86.ActiveCfg = Release|Any CPU
		{6B1747A0-F9E9-4B74-84C6-68A5F9F9F28F}.AppStore|x86.Build.0 = Release|Any CPU
		{6B1747A0-F9E9-4B74-84C6-68A5F9F9F28F}.Debug|Any CPU.ActiveCfg = Debug|Any CPU
		{6B1747A0-F9E9-4B74-84C6-68A5F9F9F28F}.Debug|Any CPU.Build.0 = Debug|Any CPU
		{6B1747A0-F9E9-4B74-84C6-68A5F9F9F28F}.Debug|ARM.ActiveCfg = Debug|Any CPU
		{6B1747A0-F9E9-4B74-84C6-68A5F9F9F28F}.Debug|ARM.Build.0 = Debug|Any CPU
		{6B1747A0-F9E9-4B74-84C6-68A5F9F9F28F}.Debug|iPhone.ActiveCfg = Debug|Any CPU
		{6B1747A0-F9E9-4B74-84C6-68A5F9F9F28F}.Debug|iPhone.Build.0 = Debug|Any CPU
		{6B1747A0-F9E9-4B74-84C6-68A5F9F9F28F}.Debug|iPhoneSimulator.ActiveCfg = Debug|Any CPU
		{6B1747A0-F9E9-4B74-84C6-68A5F9F9F28F}.Debug|iPhoneSimulator.Build.0 = Debug|Any CPU
		{6B1747A0-F9E9-4B74-84C6-68A5F9F9F28F}.Debug|x64.ActiveCfg = Debug|Any CPU
		{6B1747A0-F9E9-4B74-84C6-68A5F9F9F28F}.Debug|x64.Build.0 = Debug|Any CPU
		{6B1747A0-F9E9-4B74-84C6-68A5F9F9F28F}.Debug|x86.ActiveCfg = Debug|Any CPU
		{6B1747A0-F9E9-4B74-84C6-68A5F9F9F28F}.Debug|x86.Build.0 = Debug|Any CPU
		{6B1747A0-F9E9-4B74-84C6-68A5F9F9F28F}.Release|Any CPU.ActiveCfg = Release|Any CPU
		{6B1747A0-F9E9-4B74-84C6-68A5F9F9F28F}.Release|Any CPU.Build.0 = Release|Any CPU
		{6B1747A0-F9E9-4B74-84C6-68A5F9F9F28F}.Release|ARM.ActiveCfg = Release|Any CPU
		{6B1747A0-F9E9-4B74-84C6-68A5F9F9F28F}.Release|ARM.Build.0 = Release|Any CPU
		{6B1747A0-F9E9-4B74-84C6-68A5F9F9F28F}.Release|iPhone.ActiveCfg = Release|Any CPU
		{6B1747A0-F9E9-4B74-84C6-68A5F9F9F28F}.Release|iPhone.Build.0 = Release|Any CPU
		{6B1747A0-F9E9-4B74-84C6-68A5F9F9F28F}.Release|iPhoneSimulator.ActiveCfg = Release|Any CPU
		{6B1747A0-F9E9-4B74-84C6-68A5F9F9F28F}.Release|iPhoneSimulator.Build.0 = Release|Any CPU
		{6B1747A0-F9E9-4B74-84C6-68A5F9F9F28F}.Release|x64.ActiveCfg = Release|Any CPU
		{6B1747A0-F9E9-4B74-84C6-68A5F9F9F28F}.Release|x64.Build.0 = Release|Any CPU
		{6B1747A0-F9E9-4B74-84C6-68A5F9F9F28F}.Release|x86.ActiveCfg = Release|Any CPU
		{6B1747A0-F9E9-4B74-84C6-68A5F9F9F28F}.Release|x86.Build.0 = Release|Any CPU
		{74218609-1551-40A1-9995-4B6A8F5960EF}.Ad-Hoc|Any CPU.ActiveCfg = Release|x86
		{74218609-1551-40A1-9995-4B6A8F5960EF}.Ad-Hoc|Any CPU.Build.0 = Release|x86
		{74218609-1551-40A1-9995-4B6A8F5960EF}.Ad-Hoc|Any CPU.Deploy.0 = Release|x86
		{74218609-1551-40A1-9995-4B6A8F5960EF}.Ad-Hoc|ARM.ActiveCfg = Release|ARM
		{74218609-1551-40A1-9995-4B6A8F5960EF}.Ad-Hoc|ARM.Build.0 = Release|ARM
		{74218609-1551-40A1-9995-4B6A8F5960EF}.Ad-Hoc|ARM.Deploy.0 = Release|ARM
		{74218609-1551-40A1-9995-4B6A8F5960EF}.Ad-Hoc|iPhone.ActiveCfg = Release|x86
		{74218609-1551-40A1-9995-4B6A8F5960EF}.Ad-Hoc|iPhone.Build.0 = Release|x86
		{74218609-1551-40A1-9995-4B6A8F5960EF}.Ad-Hoc|iPhone.Deploy.0 = Release|x86
		{74218609-1551-40A1-9995-4B6A8F5960EF}.Ad-Hoc|iPhoneSimulator.ActiveCfg = Release|x86
		{74218609-1551-40A1-9995-4B6A8F5960EF}.Ad-Hoc|iPhoneSimulator.Build.0 = Release|x86
		{74218609-1551-40A1-9995-4B6A8F5960EF}.Ad-Hoc|iPhoneSimulator.Deploy.0 = Release|x86
		{74218609-1551-40A1-9995-4B6A8F5960EF}.Ad-Hoc|x64.ActiveCfg = Release|x64
		{74218609-1551-40A1-9995-4B6A8F5960EF}.Ad-Hoc|x64.Build.0 = Release|x64
		{74218609-1551-40A1-9995-4B6A8F5960EF}.Ad-Hoc|x64.Deploy.0 = Release|x64
		{74218609-1551-40A1-9995-4B6A8F5960EF}.Ad-Hoc|x86.ActiveCfg = Release|x86
		{74218609-1551-40A1-9995-4B6A8F5960EF}.Ad-Hoc|x86.Build.0 = Release|x86
		{74218609-1551-40A1-9995-4B6A8F5960EF}.Ad-Hoc|x86.Deploy.0 = Release|x86
		{74218609-1551-40A1-9995-4B6A8F5960EF}.AppStore|Any CPU.ActiveCfg = Release|x86
		{74218609-1551-40A1-9995-4B6A8F5960EF}.AppStore|Any CPU.Build.0 = Release|x86
		{74218609-1551-40A1-9995-4B6A8F5960EF}.AppStore|Any CPU.Deploy.0 = Release|x86
		{74218609-1551-40A1-9995-4B6A8F5960EF}.AppStore|ARM.ActiveCfg = Release|ARM
		{74218609-1551-40A1-9995-4B6A8F5960EF}.AppStore|ARM.Build.0 = Release|ARM
		{74218609-1551-40A1-9995-4B6A8F5960EF}.AppStore|ARM.Deploy.0 = Release|ARM
		{74218609-1551-40A1-9995-4B6A8F5960EF}.AppStore|iPhone.ActiveCfg = Release|x86
		{74218609-1551-40A1-9995-4B6A8F5960EF}.AppStore|iPhone.Build.0 = Release|x86
		{74218609-1551-40A1-9995-4B6A8F5960EF}.AppStore|iPhone.Deploy.0 = Release|x86
		{74218609-1551-40A1-9995-4B6A8F5960EF}.AppStore|iPhoneSimulator.ActiveCfg = Release|x86
		{74218609-1551-40A1-9995-4B6A8F5960EF}.AppStore|iPhoneSimulator.Build.0 = Release|x86
		{74218609-1551-40A1-9995-4B6A8F5960EF}.AppStore|iPhoneSimulator.Deploy.0 = Release|x86
		{74218609-1551-40A1-9995-4B6A8F5960EF}.AppStore|x64.ActiveCfg = Release|x64
		{74218609-1551-40A1-9995-4B6A8F5960EF}.AppStore|x64.Build.0 = Release|x64
		{74218609-1551-40A1-9995-4B6A8F5960EF}.AppStore|x64.Deploy.0 = Release|x64
		{74218609-1551-40A1-9995-4B6A8F5960EF}.AppStore|x86.ActiveCfg = Release|x86
		{74218609-1551-40A1-9995-4B6A8F5960EF}.AppStore|x86.Build.0 = Release|x86
		{74218609-1551-40A1-9995-4B6A8F5960EF}.AppStore|x86.Deploy.0 = Release|x86
		{74218609-1551-40A1-9995-4B6A8F5960EF}.Debug|Any CPU.ActiveCfg = Debug|x86
		{74218609-1551-40A1-9995-4B6A8F5960EF}.Debug|ARM.ActiveCfg = Debug|ARM
		{74218609-1551-40A1-9995-4B6A8F5960EF}.Debug|ARM.Build.0 = Debug|ARM
		{74218609-1551-40A1-9995-4B6A8F5960EF}.Debug|ARM.Deploy.0 = Debug|ARM
		{74218609-1551-40A1-9995-4B6A8F5960EF}.Debug|iPhone.ActiveCfg = Debug|x86
		{74218609-1551-40A1-9995-4B6A8F5960EF}.Debug|iPhoneSimulator.ActiveCfg = Debug|x86
		{74218609-1551-40A1-9995-4B6A8F5960EF}.Debug|x64.ActiveCfg = Debug|x64
		{74218609-1551-40A1-9995-4B6A8F5960EF}.Debug|x64.Build.0 = Debug|x64
		{74218609-1551-40A1-9995-4B6A8F5960EF}.Debug|x64.Deploy.0 = Debug|x64
		{74218609-1551-40A1-9995-4B6A8F5960EF}.Debug|x86.ActiveCfg = Debug|x86
		{74218609-1551-40A1-9995-4B6A8F5960EF}.Debug|x86.Build.0 = Debug|x86
		{74218609-1551-40A1-9995-4B6A8F5960EF}.Debug|x86.Deploy.0 = Debug|x86
		{74218609-1551-40A1-9995-4B6A8F5960EF}.Release|Any CPU.ActiveCfg = Release|x86
		{74218609-1551-40A1-9995-4B6A8F5960EF}.Release|ARM.ActiveCfg = Release|ARM
		{74218609-1551-40A1-9995-4B6A8F5960EF}.Release|ARM.Build.0 = Release|ARM
		{74218609-1551-40A1-9995-4B6A8F5960EF}.Release|ARM.Deploy.0 = Release|ARM
		{74218609-1551-40A1-9995-4B6A8F5960EF}.Release|iPhone.ActiveCfg = Release|x86
		{74218609-1551-40A1-9995-4B6A8F5960EF}.Release|iPhoneSimulator.ActiveCfg = Release|x86
		{74218609-1551-40A1-9995-4B6A8F5960EF}.Release|x64.ActiveCfg = Release|x64
		{74218609-1551-40A1-9995-4B6A8F5960EF}.Release|x64.Build.0 = Release|x64
		{74218609-1551-40A1-9995-4B6A8F5960EF}.Release|x64.Deploy.0 = Release|x64
		{74218609-1551-40A1-9995-4B6A8F5960EF}.Release|x86.ActiveCfg = Release|x86
		{74218609-1551-40A1-9995-4B6A8F5960EF}.Release|x86.Build.0 = Release|x86
		{74218609-1551-40A1-9995-4B6A8F5960EF}.Release|x86.Deploy.0 = Release|x86
		{C9344D72-78C7-4730-AC28-C976BCC7D158}.Ad-Hoc|Any CPU.ActiveCfg = Ad-Hoc|iPhone
		{C9344D72-78C7-4730-AC28-C976BCC7D158}.Ad-Hoc|ARM.ActiveCfg = Ad-Hoc|iPhone
		{C9344D72-78C7-4730-AC28-C976BCC7D158}.Ad-Hoc|iPhone.ActiveCfg = Ad-Hoc|iPhone
		{C9344D72-78C7-4730-AC28-C976BCC7D158}.Ad-Hoc|iPhone.Build.0 = Ad-Hoc|iPhone
		{C9344D72-78C7-4730-AC28-C976BCC7D158}.Ad-Hoc|iPhoneSimulator.ActiveCfg = Ad-Hoc|iPhoneSimulator
		{C9344D72-78C7-4730-AC28-C976BCC7D158}.Ad-Hoc|iPhoneSimulator.Build.0 = Ad-Hoc|iPhoneSimulator
		{C9344D72-78C7-4730-AC28-C976BCC7D158}.Ad-Hoc|x64.ActiveCfg = Ad-Hoc|iPhone
		{C9344D72-78C7-4730-AC28-C976BCC7D158}.Ad-Hoc|x86.ActiveCfg = Ad-Hoc|iPhone
		{C9344D72-78C7-4730-AC28-C976BCC7D158}.AppStore|Any CPU.ActiveCfg = AppStore|iPhone
		{C9344D72-78C7-4730-AC28-C976BCC7D158}.AppStore|ARM.ActiveCfg = AppStore|iPhone
		{C9344D72-78C7-4730-AC28-C976BCC7D158}.AppStore|iPhone.ActiveCfg = AppStore|iPhone
		{C9344D72-78C7-4730-AC28-C976BCC7D158}.AppStore|iPhone.Build.0 = AppStore|iPhone
		{C9344D72-78C7-4730-AC28-C976BCC7D158}.AppStore|iPhoneSimulator.ActiveCfg = AppStore|iPhoneSimulator
		{C9344D72-78C7-4730-AC28-C976BCC7D158}.AppStore|iPhoneSimulator.Build.0 = AppStore|iPhoneSimulator
		{C9344D72-78C7-4730-AC28-C976BCC7D158}.AppStore|x64.ActiveCfg = AppStore|iPhone
		{C9344D72-78C7-4730-AC28-C976BCC7D158}.AppStore|x86.ActiveCfg = AppStore|iPhone
		{C9344D72-78C7-4730-AC28-C976BCC7D158}.Debug|Any CPU.ActiveCfg = Debug|iPhone
		{C9344D72-78C7-4730-AC28-C976BCC7D158}.Debug|ARM.ActiveCfg = Debug|iPhone
		{C9344D72-78C7-4730-AC28-C976BCC7D158}.Debug|iPhone.ActiveCfg = Debug|iPhone
		{C9344D72-78C7-4730-AC28-C976BCC7D158}.Debug|iPhone.Build.0 = Debug|iPhone
		{C9344D72-78C7-4730-AC28-C976BCC7D158}.Debug|iPhoneSimulator.ActiveCfg = Debug|iPhoneSimulator
		{C9344D72-78C7-4730-AC28-C976BCC7D158}.Debug|iPhoneSimulator.Build.0 = Debug|iPhoneSimulator
		{C9344D72-78C7-4730-AC28-C976BCC7D158}.Debug|x64.ActiveCfg = Debug|iPhone
		{C9344D72-78C7-4730-AC28-C976BCC7D158}.Debug|x86.ActiveCfg = Debug|iPhone
		{C9344D72-78C7-4730-AC28-C976BCC7D158}.Release|Any CPU.ActiveCfg = Release|iPhone
		{C9344D72-78C7-4730-AC28-C976BCC7D158}.Release|ARM.ActiveCfg = Release|iPhone
		{C9344D72-78C7-4730-AC28-C976BCC7D158}.Release|iPhone.ActiveCfg = Release|iPhone
		{C9344D72-78C7-4730-AC28-C976BCC7D158}.Release|iPhone.Build.0 = Release|iPhone
		{C9344D72-78C7-4730-AC28-C976BCC7D158}.Release|iPhoneSimulator.ActiveCfg = Release|iPhoneSimulator
		{C9344D72-78C7-4730-AC28-C976BCC7D158}.Release|iPhoneSimulator.Build.0 = Release|iPhoneSimulator
		{C9344D72-78C7-4730-AC28-C976BCC7D158}.Release|x64.ActiveCfg = Release|iPhone
		{C9344D72-78C7-4730-AC28-C976BCC7D158}.Release|x86.ActiveCfg = Release|iPhone
	EndGlobalSection
	GlobalSection(SolutionProperties) = preSolution
		HideSolutionNode = FALSE
	EndGlobalSection
EndGlobal
